
Microsoft Visual Studio Solution File, Format Version 12.00
# Visual Studio Version 16
VisualStudioVersion = 16.0.29920.165
MinimumVisualStudioVersion = 10.0.40219.1
Project("{FAE04EC0-301F-11D3-BF4B-00C04F79EFBC}") = "BookListRazor", "BookListRazor.csproj", "{E19AC349-ACBC-467D-87EE-2B88C5C871F5}"
EndProject
Global
	GlobalSection(SolutionConfigurationPlatforms) = preSolution
		Debug|Any CPU = Debug|Any CPU
		Release|Any CPU = Release|Any CPU
	EndGlobalSection
	GlobalSection(ProjectConfigurationPlatforms) = postSolution
		{E19AC349-ACBC-467D-87EE-2B88C5C871F5}.Debug|Any CPU.ActiveCfg = Debug|Any CPU
		{E19AC349-ACBC-467D-87EE-2B88C5C871F5}.Debug|Any CPU.Build.0 = Debug|Any CPU
		{E19AC349-ACBC-467D-87EE-2B88C5C871F5}.Release|Any CPU.ActiveCfg = Release|Any CPU
		{E19AC349-ACBC-467D-87EE-2B88C5C871F5}.Release|Any CPU.Build.0 = Release|Any CPU
	EndGlobalSection
	GlobalSection(SolutionProperties) = preSolution
		HideSolutionNode = FALSE
	EndGlobalSection
	GlobalSection(ExtensibilityGlobals) = postSolution
		SolutionGuid = {B2EFA43A-8DDB-4AD6-B79C-1F424A37F97F}
	EndGlobalSection
EndGlobal
